{
  "name": "youtube-thumbnail",
  "version": "1.4.0",
  "lockfileVersion": 3,
  "requires": true,
  "packages": {
    "": {
      "name": "youtube-thumbnail",
      "version": "1.4.0",
      "license": "MIT",
      "dependencies": {
        "get-youtube-id": "0.1.3"
      },
      "bin": {
        "youtube-thumbnail": "cli.js"
      },
      "devDependencies": {
        "typescript": "2.0.10"
      },
      "engines": {
        "node": ">=0.10.0"
      }
    },
    "node_modules/get-youtube-id": {
      "version": "0.1.3",
      "resolved": "https://registry.npmjs.org/get-youtube-id/-/get-youtube-id-0.1.3.tgz",
      "integrity": "sha512-9erarXQyiJlVT3mun3mLW/5ZR2rk8Kw4fyOiv4CrOk4+DedAgUB068RYA7isWuAJMjDZasDFezdYYHnPFBZgEA==",
      "license": "MIT"
    },
    "node_modules/typescript": {
      "version": "2.0.10",
      "resolved": "https://registry.npmjs.org/typescript/-/typescript-2.0.10.tgz",
      "integrity": "sha512-A1McfqUmeBy/8UpP106D7ShCZ3/C6w1muFGDEQ+2EhvwHcWC4uduBntOM8lXlHWOnWOA1vHo48lKe9ZDrJZsJg==",
      "dev": true,
      "license": "Apache-2.0",
      "bin": {
        "tsc": "bin/tsc",
        "tsserver": "bin/tsserver"
      },
      "engines": {
        "node": ">=0.8.0"
      }
    }
  }
}
